
Microsoft Visual Studio Solution File, Format Version 12.00
# Visual Studio 15
VisualStudioVersion = 15.0.26430.6
MinimumVisualStudioVersion = 10.0.40219.1
Project("{FAE04EC0-301F-11D3-BF4B-00C04F79EFBC}") = "Encom.Bot.CryptoShares.Host", "Encom.Bot.CryptoShares.Host\Encom.Bot.CryptoShares.Host.csproj", "{766355CD-7E8F-4192-8A63-4D966380D1C0}"
EndProject
Project("{FAE04EC0-301F-11D3-BF4B-00C04F79EFBC}") = "Encom.Bot.CryptoShares.Core", "Encom.Bot.CryptoShares.Core\Encom.Bot.CryptoShares.Core.csproj", "{2F12BE49-0E5B-4D08-9910-0DECD3FD9936}"
EndProject
Global
	GlobalSection(SolutionConfigurationPlatforms) = preSolution
		Debug|Any CPU = Debug|Any CPU
		Release|Any CPU = Release|Any CPU
	EndGlobalSection
	GlobalSection(ProjectConfigurationPlatforms) = postSolution
		{766355CD-7E8F-4192-8A63-4D966380D1C0}.Debug|Any CPU.ActiveCfg = Debug|Any CPU
		{766355CD-7E8F-4192-8A63-4D966380D1C0}.Debug|Any CPU.Build.0 = Debug|Any CPU
		{766355CD-7E8F-4192-8A63-4D966380D1C0}.Release|Any CPU.ActiveCfg = Release|Any CPU
		{766355CD-7E8F-4192-8A63-4D966380D1C0}.Release|Any CPU.Build.0 = Release|Any CPU
		{2F12BE49-0E5B-4D08-9910-0DECD3FD9936}.Debug|Any CPU.ActiveCfg = Debug|Any CPU
		{2F12BE49-0E5B-4D08-9910-0DECD3FD9936}.Debug|Any CPU.Build.0 = Debug|Any CPU
		{2F12BE49-0E5B-4D08-9910-0DECD3FD9936}.Release|Any CPU.ActiveCfg = Release|Any CPU
		{2F12BE49-0E5B-4D08-9910-0DECD3FD9936}.Release|Any CPU.Build.0 = Release|Any CPU
	EndGlobalSection
	GlobalSection(SolutionProperties) = preSolution
		HideSolutionNode = FALSE
	EndGlobalSection
EndGlobal
